
Microsoft Visual Studio Solution File, Format Version 12.00
# Visual Studio Version 17
VisualStudioVersion = 17.1.32319.34
MinimumVisualStudioVersion = 10.0.40219.1
Project("{FAE04EC0-301F-11D3-BF4B-00C04F79EFBC}") = "Account_Manager", "Account_Manager\Account_Manager.csproj", "{9A051E11-9316-466C-B33C-1DBB40299399}"
EndProject
Global
	GlobalSection(SolutionConfigurationPlatforms) = preSolution
		Debug|Any CPU = Debug|Any CPU
		Release|Any CPU = Release|Any CPU
	EndGlobalSection
	GlobalSection(ProjectConfigurationPlatforms) = postSolution
		{9A051E11-9316-466C-B33C-1DBB40299399}.Debug|Any CPU.ActiveCfg = Debug|Any CPU
		{9A051E11-9316-466C-B33C-1DBB40299399}.Debug|Any CPU.Build.0 = Debug|Any CPU
		{9A051E11-9316-466C-B33C-1DBB40299399}.Release|Any CPU.ActiveCfg = Release|Any CPU
		{9A051E11-9316-466C-B33C-1DBB40299399}.Release|Any CPU.Build.0 = Release|Any CPU
	EndGlobalSection
	GlobalSection(SolutionProperties) = preSolution
		HideSolutionNode = FALSE
	EndGlobalSection
	GlobalSection(ExtensibilityGlobals) = postSolution
		SolutionGuid = {743CE8AB-B31B-418B-A485-DB3DEEBF82DA}
	EndGlobalSection
EndGlobal
